// !$*UTF8*$!
{
	archiveVersion = 1;
	classes = {
	};
	objectVersion = 55;
	objects = {

/* Begin PBXBuildFile section */
		A45FD90628BC5C2100E7D788 /* AppDelegate.swift in Sources */ = {isa = PBXBuildFile; fileRef = A45FD90528BC5C2100E7D788 /* AppDelegate.swift */; };
		A45FD90828BC5C2100E7D788 /* SceneDelegate.swift in Sources */ = {isa = PBXBuildFile; fileRef = A45FD90728BC5C2100E7D788 /* SceneDelegate.swift */; };
		A45FD90A28BC5C2100E7D788 /* ViewController.swift in Sources */ = {isa = PBXBuildFile; fileRef = A45FD90928BC5C2100E7D788 /* ViewController.swift */; };
		A45FD90D28BC5C2100E7D788 /* Main.storyboard in Resources */ = {isa = PBXBuildFile; fileRef = A45FD90B28BC5C2100E7D788 /* Main.storyboard */; };
		A45FD90F28BC5C2400E7D788 /* Assets.xcassets in Resources */ = {isa = PBXBuildFile; fileRef = A45FD90E28BC5C2400E7D788 /* Assets.xcassets */; };
		A45FD91228BC5C2400E7D788 /* LaunchScreen.storyboard in Resources */ = {isa = PBXBuildFile; fileRef = A45FD91028BC5C2400E7D788 /* LaunchScreen.storyboard */; };
		A49159CD28BFE2C1006DF136 /* Chivo-LightItalic.ttf in Resources */ = {isa = PBXBuildFile; fileRef = A49159C528BFE2C1006DF136 /* Chivo-LightItalic.ttf */; };
		A49159CE28BFE2C1006DF136 /* Chivo-Bold.ttf in Resources */ = {isa = PBXBuildFile; fileRef = A49159C628BFE2C1006DF136 /* Chivo-Bold.ttf */; };
		A49159CF28BFE2C1006DF136 /* Chivo-Italic.ttf in Resources */ = {isa = PBXBuildFile; fileRef = A49159C728BFE2C1006DF136 /* Chivo-Italic.ttf */; };
		A49159D028BFE2C1006DF136 /* Chivo-BoldItalic.ttf in Resources */ = {isa = PBXBuildFile; fileRef = A49159C828BFE2C1006DF136 /* Chivo-BoldItalic.ttf */; };
		A49159D128BFE2C1006DF136 /* Chivo-Light.ttf in Resources */ = {isa = PBXBuildFile; fileRef = A49159C928BFE2C1006DF136 /* Chivo-Light.ttf */; };
		A49159D228BFE2C1006DF136 /* Chivo-BlackItalic.ttf in Resources */ = {isa = PBXBuildFile; fileRef = A49159CA28BFE2C1006DF136 /* Chivo-BlackItalic.ttf */; };
		A49159D328BFE2C1006DF136 /* Chivo-Regular.ttf in Resources */ = {isa = PBXBuildFile; fileRef = A49159CB28BFE2C1006DF136 /* Chivo-Regular.ttf */; };
		A49159D428BFE2C1006DF136 /* Chivo-Black.ttf in Resources */ = {isa = PBXBuildFile; fileRef = A49159CC28BFE2C1006DF136 /* Chivo-Black.ttf */; };
		A49159D628BFF0D0006DF136 /* GeneralMethods.swift in Sources */ = {isa = PBXBuildFile; fileRef = A49159D528BFF0D0006DF136 /* GeneralMethods.swift */; };
		A49159D828BFFE99006DF136 /* WelcomeInfoTwoVController.swift in Sources */ = {isa = PBXBuildFile; fileRef = A49159D728BFFE99006DF136 /* WelcomeInfoTwoVController.swift */; };
/* End PBXBuildFile section */

/* Begin PBXFileReference section */
		A45FD90228BC5C2100E7D788 /* BookMe.app */ = {isa = PBXFileReference; explicitFileType = wrapper.application; includeInIndex = 0; path = BookMe.app; sourceTree = BUILT_PRODUCTS_DIR; };
		A45FD90528BC5C2100E7D788 /* AppDelegate.swift */ = {isa = PBXFileReference; lastKnownFileType = sourcecode.swift; path = AppDelegate.swift; sourceTree = "<group>"; };
		A45FD90728BC5C2100E7D788 /* SceneDelegate.swift */ = {isa = PBXFileReference; lastKnownFileType = sourcecode.swift; path = SceneDelegate.swift; sourceTree = "<group>"; };
		A45FD90928BC5C2100E7D788 /* ViewController.swift */ = {isa = PBXFileReference; lastKnownFileType = sourcecode.swift; path = ViewController.swift; sourceTree = "<group>"; };
		A45FD90C28BC5C2100E7D788 /* Base */ = {isa = PBXFileReference; lastKnownFileType = file.storyboard; name = Base; path = Base.lproj/Main.storyboard; sourceTree = "<group>"; };
		A45FD90E28BC5C2400E7D788 /* Assets.xcassets */ = {isa = PBXFileReference; lastKnownFileType = folder.assetcatalog; path = Assets.xcassets; sourceTree = "<group>"; };
		A45FD91128BC5C2400E7D788 /* Base */ = {isa = PBXFileReference; lastKnownFileType = file.storyboard; name = Base; path = Base.lproj/LaunchScreen.storyboard; sourceTree = "<group>"; };
		A45FD91328BC5C2400E7D788 /* Info.plist */ = {isa = PBXFileReference; lastKnownFileType = text.plist.xml; path = Info.plist; sourceTree = "<group>"; };
		A49159C528BFE2C1006DF136 /* Chivo-LightItalic.ttf */ = {isa = PBXFileReference; lastKnownFileType = file; path = "Chivo-LightItalic.ttf"; sourceTree = "<group>"; };
		A49159C628BFE2C1006DF136 /* Chivo-Bold.ttf */ = {isa = PBXFileReference; lastKnownFileType = file; path = "Chivo-Bold.ttf"; sourceTree = "<group>"; };
		A49159C728BFE2C1006DF136 /* Chivo-Italic.ttf */ = {isa = PBXFileReference; lastKnownFileType = file; path = "Chivo-Italic.ttf"; sourceTree = "<group>"; };
		A49159C828BFE2C1006DF136 /* Chivo-BoldItalic.ttf */ = {isa = PBXFileReference; lastKnownFileType = file; path = "Chivo-BoldItalic.ttf"; sourceTree = "<group>"; };
		A49159C928BFE2C1006DF136 /* Chivo-Light.ttf */ = {isa = PBXFileReference; lastKnownFileType = file; path = "Chivo-Light.ttf"; sourceTree = "<group>"; };
		A49159CA28BFE2C1006DF136 /* Chivo-BlackItalic.ttf */ = {isa = PBXFileReference; lastKnownFileType = file; path = "Chivo-BlackItalic.ttf"; sourceTree = "<group>"; };
		A49159CB28BFE2C1006DF136 /* Chivo-Regular.ttf */ = {isa = PBXFileReference; lastKnownFileType = file; path = "Chivo-Regular.ttf"; sourceTree = "<group>"; };
		A49159CC28BFE2C1006DF136 /* Chivo-Black.ttf */ = {isa = PBXFileReference; lastKnownFileType = file; path = "Chivo-Black.ttf"; sourceTree = "<group>"; };
		A49159D528BFF0D0006DF136 /* GeneralMethods.swift */ = {isa = PBXFileReference; lastKnownFileType = sourcecode.swift; path = GeneralMethods.swift; sourceTree = "<group>"; };
		A49159D728BFFE99006DF136 /* WelcomeInfoTwoVController.swift */ = {isa = PBXFileReference; lastKnownFileType = sourcecode.swift; path = WelcomeInfoTwoVController.swift; sourceTree = "<group>"; };
/* End PBXFileReference section */

/* Begin PBXFrameworksBuildPhase section */
		A45FD8FF28BC5C2100E7D788 /* Frameworks */ = {
			isa = PBXFrameworksBuildPhase;
			buildActionMask = 2147483647;
			files = (
			);
			runOnlyForDeploymentPostprocessing = 0;
		};
/* End PBXFrameworksBuildPhase section */

/* Begin PBXGroup section */
		A45FD8F928BC5C2100E7D788 = {
			isa = PBXGroup;
			children = (
				A45FD90428BC5C2100E7D788 /* BookMe */,
				A45FD90328BC5C2100E7D788 /* Products */,
			);
			sourceTree = "<group>";
		};
		A45FD90328BC5C2100E7D788 /* Products */ = {
			isa = PBXGroup;
			children = (
				A45FD90228BC5C2100E7D788 /* BookMe.app */,
			);
			name = Products;
			sourceTree = "<group>";
		};
		A45FD90428BC5C2100E7D788 /* BookMe */ = {
			isa = PBXGroup;
			children = (
				A49159C428BFE2C1006DF136 /* Chivo */,
				A45FD90528BC5C2100E7D788 /* AppDelegate.swift */,
				A45FD90728BC5C2100E7D788 /* SceneDelegate.swift */,
				A45FD90928BC5C2100E7D788 /* ViewController.swift */,
				A45FD90B28BC5C2100E7D788 /* Main.storyboard */,
				A49159D728BFFE99006DF136 /* WelcomeInfoTwoVController.swift */,
				A49159D528BFF0D0006DF136 /* GeneralMethods.swift */,
				A45FD90E28BC5C2400E7D788 /* Assets.xcassets */,
				A45FD91028BC5C2400E7D788 /* LaunchScreen.storyboard */,
				A45FD91328BC5C2400E7D788 /* Info.plist */,
			);
			path = BookMe;
			sourceTree = "<group>";
		};
		A49159C428BFE2C1006DF136 /* Chivo */ = {
			isa = PBXGroup;
			children = (
				A49159C528BFE2C1006DF136 /* Chivo-LightItalic.ttf */,
				A49159C628BFE2C1006DF136 /* Chivo-Bold.ttf */,
				A49159C728BFE2C1006DF136 /* Chivo-Italic.ttf */,
				A49159C828BFE2C1006DF136 /* Chivo-BoldItalic.ttf */,
				A49159C928BFE2C1006DF136 /* Chivo-Light.ttf */,
				A49159CA28BFE2C1006DF136 /* Chivo-BlackItalic.ttf */,
				A49159CB28BFE2C1006DF136 /* Chivo-Regular.ttf */,
				A49159CC28BFE2C1006DF136 /* Chivo-Black.ttf */,
			);
			path = Chivo;
			sourceTree = "<group>";
		};
/* End PBXGroup section */

/* Begin PBXNativeTarget section */
		A45FD90128BC5C2100E7D788 /* BookMe */ = {
			isa = PBXNativeTarget;
			buildConfigurationList = A45FD91628BC5C2400E7D788 /* Build configuration list for PBXNativeTarget "BookMe" */;
			buildPhases = (
				A45FD8FE28BC5C2100E7D788 /* Sources */,
				A45FD8FF28BC5C2100E7D788 /* Frameworks */,
				A45FD90028BC5C2100E7D788 /* Resources */,
			);
			buildRules = (
			);
			dependencies = (
			);
			name = BookMe;
			productName = BookMe;
			productReference = A45FD90228BC5C2100E7D788 /* BookMe.app */;
			productType = "com.apple.product-type.application";
		};
/* End PBXNativeTarget section */

/* Begin PBXProject section */
		A45FD8FA28BC5C2100E7D788 /* Project object */ = {
			isa = PBXProject;
			attributes = {
				BuildIndependentTargetsInParallel = 1;
				LastSwiftUpdateCheck = 1340;
				LastUpgradeCheck = 1340;
				TargetAttributes = {
					A45FD90128BC5C2100E7D788 = {
						CreatedOnToolsVersion = 13.4.1;
					};
				};
			};
			buildConfigurationList = A45FD8FD28BC5C2100E7D788 /* Build configuration list for PBXProject "BookMe" */;
			compatibilityVersion = "Xcode 13.0";
			developmentRegion = en;
			hasScannedForEncodings = 0;
			knownRegions = (
				en,
				Base,
			);
			mainGroup = A45FD8F928BC5C2100E7D788;
			productRefGroup = A45FD90328BC5C2100E7D788 /* Products */;
			projectDirPath = "";
			projectRoot = "";
			targets = (
				A45FD90128BC5C2100E7D788 /* BookMe */,
			);
		};
/* End PBXProject section */

/* Begin PBXResourcesBuildPhase section */
		A45FD90028BC5C2100E7D788 /* Resources */ = {
			isa = PBXResourcesBuildPhase;
			buildActionMask = 2147483647;
			files = (
				A45FD91228BC5C2400E7D788 /* LaunchScreen.storyboard in Resources */,
				A49159D328BFE2C1006DF136 /* Chivo-Regular.ttf in Resources */,
				A49159D128BFE2C1006DF136 /* Chivo-Light.ttf in Resources */,
				A49159CE28BFE2C1006DF136 /* Chivo-Bold.ttf in Resources */,
				A49159CF28BFE2C1006DF136 /* Chivo-Italic.ttf in Resources */,
				A49159CD28BFE2C1006DF136 /* Chivo-LightItalic.ttf in Resources */,
				A45FD90F28BC5C2400E7D788 /* Assets.xcassets in Resources */,
				A49159D028BFE2C1006DF136 /* Chivo-BoldItalic.ttf in Resources */,
				A45FD90D28BC5C2100E7D788 /* Main.storyboard in Resources */,
				A49159D228BFE2C1006DF136 /* Chivo-BlackItalic.ttf in Resources */,
				A49159D428BFE2C1006DF136 /* Chivo-Black.ttf in Resources */,
			);
			runOnlyForDeploymentPostprocessing = 0;
		};
/* End PBXResourcesBuildPhase section */

/* Begin PBXSourcesBuildPhase section */
		A45FD8FE28BC5C2100E7D788 /* Sources */ = {
			isa = PBXSourcesBuildPhase;
			buildActionMask = 2147483647;
			files = (
				A45FD90A28BC5C2100E7D788 /* ViewController.swift in Sources */,
				A49159D628BFF0D0006DF136 /* GeneralMethods.swift in Sources */,
				A45FD90628BC5C2100E7D788 /* AppDelegate.swift in Sources */,
				A49159D828BFFE99006DF136 /* WelcomeInfoTwoVController.swift in Sources */,
				A45FD90828BC5C2100E7D788 /* SceneDelegate.swift in Sources */,
			);
			runOnlyForDeploymentPostprocessing = 0;
		};
/* End PBXSourcesBuildPhase section */

/* Begin PBXVariantGroup section */
		A45FD90B28BC5C2100E7D788 /* Main.storyboard */ = {
			isa = PBXVariantGroup;
			children = (
				A45FD90C28BC5C2100E7D788 /* Base */,
			);
			name = Main.storyboard;
			sourceTree = "<group>";
		};
		A45FD91028BC5C2400E7D788 /* LaunchScreen.storyboard */ = {
			isa = PBXVariantGroup;
			children = (
				A45FD91128BC5C2400E7D788 /* Base */,
			);
			name = LaunchScreen.storyboard;
			sourceTree = "<group>";
		};
/* End PBXVariantGroup section */

/* Begin XCBuildConfiguration section */
		A45FD91428BC5C2400E7D788 /* Debug */ = {
			isa = XCBuildConfiguration;
			buildSettings = {
				ALWAYS_SEARCH_USER_PATHS = NO;
				CLANG_ANALYZER_NONNULL = YES;
				CLANG_ANALYZER_NUMBER_OBJECT_CONVERSION = YES_AGGRESSIVE;
				CLANG_CXX_LANGUAGE_STANDARD = "gnu++17";
				CLANG_ENABLE_MODULES = YES;
				CLANG_ENABLE_OBJC_ARC = YES;
				CLANG_ENABLE_OBJC_WEAK = YES;
				CLANG_WARN_BLOCK_CAPTURE_AUTORELEASING = YES;
				CLANG_WARN_BOOL_CONVERSION = YES;
				CLANG_WARN_COMMA = YES;
				CLANG_WARN_CONSTANT_CONVERSION = YES;
				CLANG_WARN_DEPRECATED_OBJC_IMPLEMENTATIONS = YES;
				CLANG_WARN_DIRECT_OBJC_ISA_USAGE = YES_ERROR;
				CLANG_WARN_DOCUMENTATION_COMMENTS = YES;
				CLANG_WARN_EMPTY_BODY = YES;
				CLANG_WARN_ENUM_CONVERSION = YES;
				CLANG_WARN_INFINITE_RECURSION = YES;
				CLANG_WARN_INT_CONVERSION = YES;
				CLANG_WARN_NON_LITERAL_NULL_CONVERSION = YES;
				CLANG_WARN_OBJC_IMPLICIT_RETAIN_SELF = YES;
				CLANG_WARN_OBJC_LITERAL_CONVERSION = YES;
				CLANG_WARN_OBJC_ROOT_CLASS = YES_ERROR;
				CLANG_WARN_QUOTED_INCLUDE_IN_FRAMEWORK_HEADER = YES;
				CLANG_WARN_RANGE_LOOP_ANALYSIS = YES;
				CLANG_WARN_STRICT_PROTOTYPES = YES;
				CLANG_WARN_SUSPICIOUS_MOVE = YES;
				CLANG_WARN_UNGUARDED_AVAILABILITY = YES_AGGRESSIVE;
				CLANG_WARN_UNREACHABLE_CODE = YES;
				CLANG_WARN__DUPLICATE_METHOD_MATCH = YES;
				COPY_PHASE_STRIP = NO;
				DEBUG_INFORMATION_FORMAT = dwarf;
				ENABLE_STRICT_OBJC_MSGSEND = YES;
				ENABLE_TESTABILITY = YES;
				GCC_C_LANGUAGE_STANDARD = gnu11;
				GCC_DYNAMIC_NO_PIC = NO;
				GCC_NO_COMMON_BLOCKS = YES;
				GCC_OPTIMIZATION_LEVEL = 0;
				GCC_PREPROCESSOR_DEFINITIONS = (
					"DEBUG=1",
					"$(inherited)",
				);
				GCC_WARN_64_TO_32_BIT_CONVERSION = YES;
				GCC_WARN_ABOUT_RETURN_TYPE = YES_ERROR;
				GCC_WARN_UNDECLARED_SELECTOR = YES;
				GCC_WARN_UNINITIALIZED_AUTOS = YES_AGGRESSIVE;
				GCC_WARN_UNUSED_FUNCTION = YES;
				GCC_WARN_UNUSED_VARIABLE = YES;
				IPHONEOS_DEPLOYMENT_TARGET = 15.5;
				MTL_ENABLE_DEBUG_INFO = INCLUDE_SOURCE;
				MTL_FAST_MATH = YES;
				ONLY_ACTIVE_ARCH = YES;
				SDKROOT = iphoneos;
				SWIFT_ACTIVE_COMPILATION_CONDITIONS = DEBUG;
				SWIFT_OPTIMIZATION_LEVEL = "-Onone";
			};
			name = Debug;
		};
		A45FD91528BC5C2400E7D788 /* Release */ = {
			isa = XCBuildConfiguration;
			buildSettings = {
				ALWAYS_SEARCH_USER_PATHS = NO;
				CLANG_ANALYZER_NONNULL = YES;
				CLANG_ANALYZER_NUMBER_OBJECT_CONVERSION = YES_AGGRESSIVE;
				CLANG_CXX_LANGUAGE_STANDARD = "gnu++17";
				CLANG_ENABLE_MODULES = YES;
				CLANG_ENABLE_OBJC_ARC = YES;
				CLANG_ENABLE_OBJC_WEAK = YES;
				CLANG_WARN_BLOCK_CAPTURE_AUTORELEASING = YES;
				CLANG_WARN_BOOL_CONVERSION = YES;
				CLANG_WARN_COMMA = YES;
				CLANG_WARN_CONSTANT_CONVERSION = YES;
				CLANG_WARN_DEPRECATED_OBJC_IMPLEMENTATIONS = YES;
				CLANG_WARN_DIRECT_OBJC_ISA_USAGE = YES_ERROR;
				CLANG_WARN_DOCUMENTATION_COMMENTS = YES;
				CLANG_WARN_EMPTY_BODY = YES;
				CLANG_WARN_ENUM_CONVERSION = YES;
				CLANG_WARN_INFINITE_RECURSION = YES;
				CLANG_WARN_INT_CONVERSION = YES;
				CLANG_WARN_NON_LITERAL_NULL_CONVERSION = YES;
				CLANG_WARN_OBJC_IMPLICIT_RETAIN_SELF = YES;
				CLANG_WARN_OBJC_LITERAL_CONVERSION = YES;
				CLANG_WARN_OBJC_ROOT_CLASS = YES_ERROR;
				CLANG_WARN_QUOTED_INCLUDE_IN_FRAMEWORK_HEADER = YES;
				CLANG_WARN_RANGE_LOOP_ANALYSIS = YES;
				CLANG_WARN_STRICT_PROTOTYPES = YES;
				CLANG_WARN_SUSPICIOUS_MOVE = YES;
				CLANG_WARN_UNGUARDED_AVAILABILITY = YES_AGGRESSIVE;
				CLANG_WARN_UNREACHABLE_CODE = YES;
				CLANG_WARN__DUPLICATE_METHOD_MATCH = YES;
				COPY_PHASE_STRIP = NO;
				DEBUG_INFORMATION_FORMAT = "dwarf-with-dsym";
				ENABLE_NS_ASSERTIONS = NO;
				ENABLE_STRICT_OBJC_MSGSEND = YES;
				GCC_C_LANGUAGE_STANDARD = gnu11;
				GCC_NO_COMMON_BLOCKS = YES;
				GCC_WARN_64_TO_32_BIT_CONVERSION = YES;
				GCC_WARN_ABOUT_RETURN_TYPE = YES_ERROR;
				GCC_WARN_UNDECLARED_SELECTOR = YES;
				GCC_WARN_UNINITIALIZED_AUTOS = YES_AGGRESSIVE;
				GCC_WARN_UNUSED_FUNCTION = YES;
				GCC_WARN_UNUSED_VARIABLE = YES;
				IPHONEOS_DEPLOYMENT_TARGET = 15.5;
				MTL_ENABLE_DEBUG_INFO = NO;
				MTL_FAST_MATH = YES;
				SDKROOT = iphoneos;
				SWIFT_COMPILATION_MODE = wholemodule;
				SWIFT_OPTIMIZATION_LEVEL = "-O";
				VALIDATE_PRODUCT = YES;
			};
			name = Release;
		};
		A45FD91728BC5C2400E7D788 /* Debug */ = {
			isa = XCBuildConfiguration;
			buildSettings = {
				ASSETCATALOG_COMPILER_APPICON_NAME = AppIcon;
				ASSETCATALOG_COMPILER_GLOBAL_ACCENT_COLOR_NAME = AccentColor;
				CODE_SIGN_STYLE = Automatic;
				CURRENT_PROJECT_VERSION = 1;
				DEVELOPMENT_TEAM = C6NX9VRN3L;
				GENERATE_INFOPLIST_FILE = YES;
				INFOPLIST_FILE = BookMe/Info.plist;
				INFOPLIST_KEY_UIApplicationSupportsIndirectInputEvents = YES;
				INFOPLIST_KEY_UILaunchStoryboardName = LaunchScreen;
				INFOPLIST_KEY_UIMainStoryboardFile = Main;
				INFOPLIST_KEY_UISupportedInterfaceOrientations_iPad = "UIInterfaceOrientationPortrait UIInterfaceOrientationPortraitUpsideDown UIInterfaceOrientationLandscapeLeft UIInterfaceOrientationLandscapeRight";
				INFOPLIST_KEY_UISupportedInterfaceOrientations_iPhone = "UIInterfaceOrientationPortrait UIInterfaceOrientationLandscapeLeft UIInterfaceOrientationLandscapeRight";
				LD_RUNPATH_SEARCH_PATHS = (
					"$(inherited)",
					"@executable_path/Frameworks",
				);
				MARKETING_VERSION = 1.0;
				PRODUCT_BUNDLE_IDENTIFIER = mx.A01658845.BookMe;
				PRODUCT_NAME = "$(TARGET_NAME)";
				SWIFT_EMIT_LOC_STRINGS = YES;
				SWIFT_VERSION = 5.0;
				TARGETED_DEVICE_FAMILY = "1,2";
			};
			name = Debug;
		};
		A45FD91828BC5C2400E7D788 /* Release */ = {
			isa = XCBuildConfiguration;
			buildSettings = {
				ASSETCATALOG_COMPILER_APPICON_NAME = AppIcon;
				ASSETCATALOG_COMPILER_GLOBAL_ACCENT_COLOR_NAME = AccentColor;
				CODE_SIGN_STYLE = Automatic;
				CURRENT_PROJECT_VERSION = 1;
				DEVELOPMENT_TEAM = C6NX9VRN3L;
				GENERATE_INFOPLIST_FILE = YES;
				INFOPLIST_FILE = BookMe/Info.plist;
				INFOPLIST_KEY_UIApplicationSupportsIndirectInputEvents = YES;
				INFOPLIST_KEY_UILaunchStoryboardName = LaunchScreen;
				INFOPLIST_KEY_UIMainStoryboardFile = Main;
				INFOPLIST_KEY_UISupportedInterfaceOrientations_iPad = "UIInterfaceOrientationPortrait UIInterfaceOrientationPortraitUpsideDown UIInterfaceOrientationLandscapeLeft UIInterfaceOrientationLandscapeRight";
				INFOPLIST_KEY_UISupportedInterfaceOrientations_iPhone = "UIInterfaceOrientationPortrait UIInterfaceOrientationLandscapeLeft UIInterfaceOrientationLandscapeRight";
				LD_RUNPATH_SEARCH_PATHS = (
					"$(inherited)",
					"@executable_path/Frameworks",
				);
				MARKETING_VERSION = 1.0;
				PRODUCT_BUNDLE_IDENTIFIER = mx.A01658845.BookMe;
				PRODUCT_NAME = "$(TARGET_NAME)";
				SWIFT_EMIT_LOC_STRINGS = YES;
				SWIFT_VERSION = 5.0;
				TARGETED_DEVICE_FAMILY = "1,2";
			};
			name = Release;
		};
/* End XCBuildConfiguration section */

/* Begin XCConfigurationList section */
		A45FD8FD28BC5C2100E7D788 /* Build configuration list for PBXProject "BookMe" */ = {
			isa = XCConfigurationList;
			buildConfigurations = (
				A45FD91428BC5C2400E7D788 /* Debug */,
				A45FD91528BC5C2400E7D788 /* Release */,
			);
			defaultConfigurationIsVisible = 0;
			defaultConfigurationName = Release;
		};
		A45FD91628BC5C2400E7D788 /* Build configuration list for PBXNativeTarget "BookMe" */ = {
			isa = XCConfigurationList;
			buildConfigurations = (
				A45FD91728BC5C2400E7D788 /* Debug */,
				A45FD91828BC5C2400E7D788 /* Release */,
			);
			defaultConfigurationIsVisible = 0;
			defaultConfigurationName = Release;
		};
/* End XCConfigurationList section */
	};
	rootObject = A45FD8FA28BC5C2100E7D788 /* Project object */;
}
