// !$*UTF8*$!
{
	archiveVersion = 1;
	classes = {
	};
	objectVersion = 55;
	objects = {

/* Begin PBXBuildFile section */
		A4086B3B28DFEBC900CFEFCF /* HourPickerRowView.swift in Sources */ = {isa = PBXBuildFile; fileRef = A4086B3A28DFEBC900CFEFCF /* HourPickerRowView.swift */; };
		A4086B3F28DFF4E700CFEFCF /* HourModelPicker.swift in Sources */ = {isa = PBXBuildFile; fileRef = A4086B3E28DFF4E700CFEFCF /* HourModelPicker.swift */; };
		A4086B4128DFF51700CFEFCF /* HourModel.swift in Sources */ = {isa = PBXBuildFile; fileRef = A4086B4028DFF51700CFEFCF /* HourModel.swift */; };
		A410B72728DB8A470016F59C /* ReservationRowObjectView.swift in Sources */ = {isa = PBXBuildFile; fileRef = A410B72628DB8A470016F59C /* ReservationRowObjectView.swift */; };
		A430AF8728C2FF240076565C /* TicketViewController.swift in Sources */ = {isa = PBXBuildFile; fileRef = A430AF8628C2FF240076565C /* TicketViewController.swift */; };
		A430AF8928C30DBF0076565C /* ObjectTypeSelectionViewController.swift in Sources */ = {isa = PBXBuildFile; fileRef = A430AF8828C30DBF0076565C /* ObjectTypeSelectionViewController.swift */; };
		A430AF8B28C31FD20076565C /* ObjectRowElement.swift in Sources */ = {isa = PBXBuildFile; fileRef = A430AF8A28C31FD20076565C /* ObjectRowElement.swift */; };
		A430AF8D28C320E80076565C /* ObjectSelectionViewController.swift in Sources */ = {isa = PBXBuildFile; fileRef = A430AF8C28C320E80076565C /* ObjectSelectionViewController.swift */; };
		A4338C9128C5400000C715FB /* ReservationClass.swift in Sources */ = {isa = PBXBuildFile; fileRef = A4338C9028C5400000C715FB /* ReservationClass.swift */; };
		A4338C9328C5426D00C715FB /* twoDatesSelectionViewController.swift in Sources */ = {isa = PBXBuildFile; fileRef = A4338C9228C5426D00C715FB /* twoDatesSelectionViewController.swift */; };
		A4338C9528C5429A00C715FB /* oneDateSelectionViewController.swift in Sources */ = {isa = PBXBuildFile; fileRef = A4338C9428C5429A00C715FB /* oneDateSelectionViewController.swift */; };
		A4338C9728C5487B00C715FB /* HourSelectionViewController.swift in Sources */ = {isa = PBXBuildFile; fileRef = A4338C9628C5487B00C715FB /* HourSelectionViewController.swift */; };
		A4338C9928C54AC500C715FB /* SIngleDateConfirmationViewController.swift in Sources */ = {isa = PBXBuildFile; fileRef = A4338C9828C54AC500C715FB /* SIngleDateConfirmationViewController.swift */; };
		A4338C9B28C54AD400C715FB /* TwoDatesConfirmationViewController.swift in Sources */ = {isa = PBXBuildFile; fileRef = A4338C9A28C54AD400C715FB /* TwoDatesConfirmationViewController.swift */; };
		A4338C9F28C642F500C715FB /* ReservationRowClass.swift in Sources */ = {isa = PBXBuildFile; fileRef = A4338C9E28C642F500C715FB /* ReservationRowClass.swift */; };
		A4338CA128C6489800C715FB /* CurrentBookingsViewController.swift in Sources */ = {isa = PBXBuildFile; fileRef = A4338CA028C6489800C715FB /* CurrentBookingsViewController.swift */; };
		A4338CA328C6566500C715FB /* AccountConfigViewController.swift in Sources */ = {isa = PBXBuildFile; fileRef = A4338CA228C6566500C715FB /* AccountConfigViewController.swift */; };
		A4338CA528C6643300C715FB /* CreditsViewController.swift in Sources */ = {isa = PBXBuildFile; fileRef = A4338CA428C6643300C715FB /* CreditsViewController.swift */; };
		A4338CA728C6645300C715FB /* StatsViewController.swift in Sources */ = {isa = PBXBuildFile; fileRef = A4338CA628C6645300C715FB /* StatsViewController.swift */; };
		A4338CA928C67D0100C715FB /* ReserveOrMoreInfoViewController.swift in Sources */ = {isa = PBXBuildFile; fileRef = A4338CA828C67D0100C715FB /* ReserveOrMoreInfoViewController.swift */; };
		A4338CAB28C68DA300C715FB /* MoreInfoOfHubViewController.swift in Sources */ = {isa = PBXBuildFile; fileRef = A4338CAA28C68DA300C715FB /* MoreInfoOfHubViewController.swift */; };
		A43D928F28C124E800028D73 /* loginOrRegisterVController.swift in Sources */ = {isa = PBXBuildFile; fileRef = A43D928E28C124E800028D73 /* loginOrRegisterVController.swift */; };
		A43D929128C125E000028D73 /* WelcomeInfoThreeVController.swift in Sources */ = {isa = PBXBuildFile; fileRef = A43D929028C125E000028D73 /* WelcomeInfoThreeVController.swift */; };
		A43D929328C1303A00028D73 /* loginViewController.swift in Sources */ = {isa = PBXBuildFile; fileRef = A43D929228C1303A00028D73 /* loginViewController.swift */; };
		A43D929728C1354200028D73 /* registerViewController.swift in Sources */ = {isa = PBXBuildFile; fileRef = A43D929628C1354200028D73 /* registerViewController.swift */; };
		A43F966F28C7F2A900F76546 /* ObjectDescriptionViewController.swift in Sources */ = {isa = PBXBuildFile; fileRef = A43F966E28C7F2A900F76546 /* ObjectDescriptionViewController.swift */; };
		A447423728C7CE3F0037D234 /* TermsNConditionsViewController.swift in Sources */ = {isa = PBXBuildFile; fileRef = A447423628C7CE3F0037D234 /* TermsNConditionsViewController.swift */; };
		A45FD90628BC5C2100E7D788 /* AppDelegate.swift in Sources */ = {isa = PBXBuildFile; fileRef = A45FD90528BC5C2100E7D788 /* AppDelegate.swift */; };
		A45FD90828BC5C2100E7D788 /* SceneDelegate.swift in Sources */ = {isa = PBXBuildFile; fileRef = A45FD90728BC5C2100E7D788 /* SceneDelegate.swift */; };
		A45FD90A28BC5C2100E7D788 /* ViewController.swift in Sources */ = {isa = PBXBuildFile; fileRef = A45FD90928BC5C2100E7D788 /* ViewController.swift */; };
		A45FD90D28BC5C2100E7D788 /* Main.storyboard in Resources */ = {isa = PBXBuildFile; fileRef = A45FD90B28BC5C2100E7D788 /* Main.storyboard */; };
		A45FD90F28BC5C2400E7D788 /* Assets.xcassets in Resources */ = {isa = PBXBuildFile; fileRef = A45FD90E28BC5C2400E7D788 /* Assets.xcassets */; };
		A45FD91228BC5C2400E7D788 /* LaunchScreen.storyboard in Resources */ = {isa = PBXBuildFile; fileRef = A45FD91028BC5C2400E7D788 /* LaunchScreen.storyboard */; };
		A48838AA28FFD985002A41B0 /* BookMeTests.swift in Sources */ = {isa = PBXBuildFile; fileRef = A48838A928FFD985002A41B0 /* BookMeTests.swift */; };
		A49159CD28BFE2C1006DF136 /* Chivo-LightItalic.ttf in Resources */ = {isa = PBXBuildFile; fileRef = A49159C528BFE2C1006DF136 /* Chivo-LightItalic.ttf */; };
		A49159CE28BFE2C1006DF136 /* Chivo-Bold.ttf in Resources */ = {isa = PBXBuildFile; fileRef = A49159C628BFE2C1006DF136 /* Chivo-Bold.ttf */; };
		A49159CF28BFE2C1006DF136 /* Chivo-Italic.ttf in Resources */ = {isa = PBXBuildFile; fileRef = A49159C728BFE2C1006DF136 /* Chivo-Italic.ttf */; };
		A49159D028BFE2C1006DF136 /* Chivo-BoldItalic.ttf in Resources */ = {isa = PBXBuildFile; fileRef = A49159C828BFE2C1006DF136 /* Chivo-BoldItalic.ttf */; };
		A49159D128BFE2C1006DF136 /* Chivo-Light.ttf in Resources */ = {isa = PBXBuildFile; fileRef = A49159C928BFE2C1006DF136 /* Chivo-Light.ttf */; };
		A49159D228BFE2C1006DF136 /* Chivo-BlackItalic.ttf in Resources */ = {isa = PBXBuildFile; fileRef = A49159CA28BFE2C1006DF136 /* Chivo-BlackItalic.ttf */; };
		A49159D328BFE2C1006DF136 /* Chivo-Regular.ttf in Resources */ = {isa = PBXBuildFile; fileRef = A49159CB28BFE2C1006DF136 /* Chivo-Regular.ttf */; };
		A49159D428BFE2C1006DF136 /* Chivo-Black.ttf in Resources */ = {isa = PBXBuildFile; fileRef = A49159CC28BFE2C1006DF136 /* Chivo-Black.ttf */; };
		A49159D628BFF0D0006DF136 /* GeneralMethods.swift in Sources */ = {isa = PBXBuildFile; fileRef = A49159D528BFF0D0006DF136 /* GeneralMethods.swift */; };
		A49159D828BFFE99006DF136 /* WelcomeInfoTwoVController.swift in Sources */ = {isa = PBXBuildFile; fileRef = A49159D728BFFE99006DF136 /* WelcomeInfoTwoVController.swift */; };
		A4A7530328EA088F00DCDC4E /* UserAccountData.swift in Sources */ = {isa = PBXBuildFile; fileRef = A4A7530228EA088F00DCDC4E /* UserAccountData.swift */; };
		A4A8147E28DEAE6E0070EC87 /* DateCardObject.swift in Sources */ = {isa = PBXBuildFile; fileRef = A4A8147D28DEAE6E0070EC87 /* DateCardObject.swift */; };
		A4AC4BE628EB88940066F298 /* ReservationsDataController.swift in Sources */ = {isa = PBXBuildFile; fileRef = A4AC4BE528EB88940066F298 /* ReservationsDataController.swift */; };
		A4B652EF28C455D500E48DCF /* NumberOfAssistantsViewController.swift in Sources */ = {isa = PBXBuildFile; fileRef = A4B652EE28C455D500E48DCF /* NumberOfAssistantsViewController.swift */; };
		A4C9AB4028DCD780006C746E /* DateSelectionViewController.swift in Sources */ = {isa = PBXBuildFile; fileRef = A4C9AB3F28DCD780006C746E /* DateSelectionViewController.swift */; };
		A4DB750728C25B5B00C19228 /* VerifyViewController.swift in Sources */ = {isa = PBXBuildFile; fileRef = A4DB750628C25B5B00C19228 /* VerifyViewController.swift */; };
		A4DB750928C27A6F00C19228 /* MainMenuViewController.swift in Sources */ = {isa = PBXBuildFile; fileRef = A4DB750828C27A6F00C19228 /* MainMenuViewController.swift */; };
		A4DB750D28C2A66800C19228 /* SlideMenuViewController.swift in Sources */ = {isa = PBXBuildFile; fileRef = A4DB750C28C2A66800C19228 /* SlideMenuViewController.swift */; };
		A4DCE58528EA745D0029C6E2 /* SwiftJWT in Frameworks */ = {isa = PBXBuildFile; productRef = A4DCE58428EA745D0029C6E2 /* SwiftJWT */; };
/* End PBXBuildFile section */

/* Begin PBXContainerItemProxy section */
		A48838AB28FFD985002A41B0 /* PBXContainerItemProxy */ = {
			isa = PBXContainerItemProxy;
			containerPortal = A45FD8FA28BC5C2100E7D788 /* Project object */;
			proxyType = 1;
			remoteGlobalIDString = A45FD90128BC5C2100E7D788;
			remoteInfo = BookMe;
		};
/* End PBXContainerItemProxy section */

/* Begin PBXFileReference section */
		A4086B3A28DFEBC900CFEFCF /* HourPickerRowView.swift */ = {isa = PBXFileReference; lastKnownFileType = sourcecode.swift; path = HourPickerRowView.swift; sourceTree = "<group>"; };
		A4086B3E28DFF4E700CFEFCF /* HourModelPicker.swift */ = {isa = PBXFileReference; lastKnownFileType = sourcecode.swift; path = HourModelPicker.swift; sourceTree = "<group>"; };
		A4086B4028DFF51700CFEFCF /* HourModel.swift */ = {isa = PBXFileReference; lastKnownFileType = sourcecode.swift; path = HourModel.swift; sourceTree = "<group>"; };
		A410B72628DB8A470016F59C /* ReservationRowObjectView.swift */ = {isa = PBXFileReference; lastKnownFileType = sourcecode.swift; path = ReservationRowObjectView.swift; sourceTree = "<group>"; };
		A430AF8628C2FF240076565C /* TicketViewController.swift */ = {isa = PBXFileReference; lastKnownFileType = sourcecode.swift; path = TicketViewController.swift; sourceTree = "<group>"; };
		A430AF8828C30DBF0076565C /* ObjectTypeSelectionViewController.swift */ = {isa = PBXFileReference; lastKnownFileType = sourcecode.swift; path = ObjectTypeSelectionViewController.swift; sourceTree = "<group>"; };
		A430AF8A28C31FD20076565C /* ObjectRowElement.swift */ = {isa = PBXFileReference; lastKnownFileType = sourcecode.swift; path = ObjectRowElement.swift; sourceTree = "<group>"; };
		A430AF8C28C320E80076565C /* ObjectSelectionViewController.swift */ = {isa = PBXFileReference; lastKnownFileType = sourcecode.swift; path = ObjectSelectionViewController.swift; sourceTree = "<group>"; };
		A4338C9028C5400000C715FB /* ReservationClass.swift */ = {isa = PBXFileReference; lastKnownFileType = sourcecode.swift; path = ReservationClass.swift; sourceTree = "<group>"; };
		A4338C9228C5426D00C715FB /* twoDatesSelectionViewController.swift */ = {isa = PBXFileReference; lastKnownFileType = sourcecode.swift; path = twoDatesSelectionViewController.swift; sourceTree = "<group>"; };
		A4338C9428C5429A00C715FB /* oneDateSelectionViewController.swift */ = {isa = PBXFileReference; lastKnownFileType = sourcecode.swift; path = oneDateSelectionViewController.swift; sourceTree = "<group>"; };
		A4338C9628C5487B00C715FB /* HourSelectionViewController.swift */ = {isa = PBXFileReference; lastKnownFileType = sourcecode.swift; path = HourSelectionViewController.swift; sourceTree = "<group>"; };
		A4338C9828C54AC500C715FB /* SIngleDateConfirmationViewController.swift */ = {isa = PBXFileReference; lastKnownFileType = sourcecode.swift; path = SIngleDateConfirmationViewController.swift; sourceTree = "<group>"; };
		A4338C9A28C54AD400C715FB /* TwoDatesConfirmationViewController.swift */ = {isa = PBXFileReference; lastKnownFileType = sourcecode.swift; path = TwoDatesConfirmationViewController.swift; sourceTree = "<group>"; };
		A4338C9E28C642F500C715FB /* ReservationRowClass.swift */ = {isa = PBXFileReference; lastKnownFileType = sourcecode.swift; path = ReservationRowClass.swift; sourceTree = "<group>"; };
		A4338CA028C6489800C715FB /* CurrentBookingsViewController.swift */ = {isa = PBXFileReference; lastKnownFileType = sourcecode.swift; path = CurrentBookingsViewController.swift; sourceTree = "<group>"; };
		A4338CA228C6566500C715FB /* AccountConfigViewController.swift */ = {isa = PBXFileReference; lastKnownFileType = sourcecode.swift; path = AccountConfigViewController.swift; sourceTree = "<group>"; };
		A4338CA428C6643300C715FB /* CreditsViewController.swift */ = {isa = PBXFileReference; lastKnownFileType = sourcecode.swift; path = CreditsViewController.swift; sourceTree = "<group>"; };
		A4338CA628C6645300C715FB /* StatsViewController.swift */ = {isa = PBXFileReference; lastKnownFileType = sourcecode.swift; path = StatsViewController.swift; sourceTree = "<group>"; };
		A4338CA828C67D0100C715FB /* ReserveOrMoreInfoViewController.swift */ = {isa = PBXFileReference; lastKnownFileType = sourcecode.swift; path = ReserveOrMoreInfoViewController.swift; sourceTree = "<group>"; };
		A4338CAA28C68DA300C715FB /* MoreInfoOfHubViewController.swift */ = {isa = PBXFileReference; lastKnownFileType = sourcecode.swift; path = MoreInfoOfHubViewController.swift; sourceTree = "<group>"; };
		A43D928E28C124E800028D73 /* loginOrRegisterVController.swift */ = {isa = PBXFileReference; lastKnownFileType = sourcecode.swift; path = loginOrRegisterVController.swift; sourceTree = "<group>"; };
		A43D929028C125E000028D73 /* WelcomeInfoThreeVController.swift */ = {isa = PBXFileReference; lastKnownFileType = sourcecode.swift; path = WelcomeInfoThreeVController.swift; sourceTree = "<group>"; };
		A43D929228C1303A00028D73 /* loginViewController.swift */ = {isa = PBXFileReference; lastKnownFileType = sourcecode.swift; path = loginViewController.swift; sourceTree = "<group>"; };
		A43D929628C1354200028D73 /* registerViewController.swift */ = {isa = PBXFileReference; lastKnownFileType = sourcecode.swift; path = registerViewController.swift; sourceTree = "<group>"; };
		A43F966E28C7F2A900F76546 /* ObjectDescriptionViewController.swift */ = {isa = PBXFileReference; lastKnownFileType = sourcecode.swift; path = ObjectDescriptionViewController.swift; sourceTree = "<group>"; };
		A447423628C7CE3F0037D234 /* TermsNConditionsViewController.swift */ = {isa = PBXFileReference; lastKnownFileType = sourcecode.swift; path = TermsNConditionsViewController.swift; sourceTree = "<group>"; };
		A45FD90228BC5C2100E7D788 /* BookMe.app */ = {isa = PBXFileReference; explicitFileType = wrapper.application; includeInIndex = 0; path = BookMe.app; sourceTree = BUILT_PRODUCTS_DIR; };
		A45FD90528BC5C2100E7D788 /* AppDelegate.swift */ = {isa = PBXFileReference; lastKnownFileType = sourcecode.swift; path = AppDelegate.swift; sourceTree = "<group>"; };
		A45FD90728BC5C2100E7D788 /* SceneDelegate.swift */ = {isa = PBXFileReference; lastKnownFileType = sourcecode.swift; path = SceneDelegate.swift; sourceTree = "<group>"; };
		A45FD90928BC5C2100E7D788 /* ViewController.swift */ = {isa = PBXFileReference; lastKnownFileType = sourcecode.swift; path = ViewController.swift; sourceTree = "<group>"; };
		A45FD90C28BC5C2100E7D788 /* Base */ = {isa = PBXFileReference; lastKnownFileType = file.storyboard; name = Base; path = Base.lproj/Main.storyboard; sourceTree = "<group>"; };
		A45FD90E28BC5C2400E7D788 /* Assets.xcassets */ = {isa = PBXFileReference; lastKnownFileType = folder.assetcatalog; path = Assets.xcassets; sourceTree = "<group>"; };
		A45FD91128BC5C2400E7D788 /* Base */ = {isa = PBXFileReference; lastKnownFileType = file.storyboard; name = Base; path = Base.lproj/LaunchScreen.storyboard; sourceTree = "<group>"; };
		A45FD91328BC5C2400E7D788 /* Info.plist */ = {isa = PBXFileReference; lastKnownFileType = text.plist.xml; path = Info.plist; sourceTree = "<group>"; };
		A48838A728FFD985002A41B0 /* BookMeTests.xctest */ = {isa = PBXFileReference; explicitFileType = wrapper.cfbundle; includeInIndex = 0; path = BookMeTests.xctest; sourceTree = BUILT_PRODUCTS_DIR; };
		A48838A928FFD985002A41B0 /* BookMeTests.swift */ = {isa = PBXFileReference; lastKnownFileType = sourcecode.swift; path = BookMeTests.swift; sourceTree = "<group>"; };
		A49159C528BFE2C1006DF136 /* Chivo-LightItalic.ttf */ = {isa = PBXFileReference; lastKnownFileType = file; path = "Chivo-LightItalic.ttf"; sourceTree = "<group>"; };
		A49159C628BFE2C1006DF136 /* Chivo-Bold.ttf */ = {isa = PBXFileReference; lastKnownFileType = file; path = "Chivo-Bold.ttf"; sourceTree = "<group>"; };
		A49159C728BFE2C1006DF136 /* Chivo-Italic.ttf */ = {isa = PBXFileReference; lastKnownFileType = file; path = "Chivo-Italic.ttf"; sourceTree = "<group>"; };
		A49159C828BFE2C1006DF136 /* Chivo-BoldItalic.ttf */ = {isa = PBXFileReference; lastKnownFileType = file; path = "Chivo-BoldItalic.ttf"; sourceTree = "<group>"; };
		A49159C928BFE2C1006DF136 /* Chivo-Light.ttf */ = {isa = PBXFileReference; lastKnownFileType = file; path = "Chivo-Light.ttf"; sourceTree = "<group>"; };
		A49159CA28BFE2C1006DF136 /* Chivo-BlackItalic.ttf */ = {isa = PBXFileReference; lastKnownFileType = file; path = "Chivo-BlackItalic.ttf"; sourceTree = "<group>"; };
		A49159CB28BFE2C1006DF136 /* Chivo-Regular.ttf */ = {isa = PBXFileReference; lastKnownFileType = file; path = "Chivo-Regular.ttf"; sourceTree = "<group>"; };
		A49159CC28BFE2C1006DF136 /* Chivo-Black.ttf */ = {isa = PBXFileReference; lastKnownFileType = file; path = "Chivo-Black.ttf"; sourceTree = "<group>"; };
		A49159D528BFF0D0006DF136 /* GeneralMethods.swift */ = {isa = PBXFileReference; lastKnownFileType = sourcecode.swift; path = GeneralMethods.swift; sourceTree = "<group>"; };
		A49159D728BFFE99006DF136 /* WelcomeInfoTwoVController.swift */ = {isa = PBXFileReference; lastKnownFileType = sourcecode.swift; path = WelcomeInfoTwoVController.swift; sourceTree = "<group>"; };
		A4A7530228EA088F00DCDC4E /* UserAccountData.swift */ = {isa = PBXFileReference; lastKnownFileType = sourcecode.swift; path = UserAccountData.swift; sourceTree = "<group>"; };
		A4A8147D28DEAE6E0070EC87 /* DateCardObject.swift */ = {isa = PBXFileReference; lastKnownFileType = sourcecode.swift; path = DateCardObject.swift; sourceTree = "<group>"; };
		A4AC4BE528EB88940066F298 /* ReservationsDataController.swift */ = {isa = PBXFileReference; lastKnownFileType = sourcecode.swift; path = ReservationsDataController.swift; sourceTree = "<group>"; };
		A4B652EE28C455D500E48DCF /* NumberOfAssistantsViewController.swift */ = {isa = PBXFileReference; lastKnownFileType = sourcecode.swift; path = NumberOfAssistantsViewController.swift; sourceTree = "<group>"; };
		A4C9AB3F28DCD780006C746E /* DateSelectionViewController.swift */ = {isa = PBXFileReference; lastKnownFileType = sourcecode.swift; path = DateSelectionViewController.swift; sourceTree = "<group>"; };
		A4DB750628C25B5B00C19228 /* VerifyViewController.swift */ = {isa = PBXFileReference; lastKnownFileType = sourcecode.swift; path = VerifyViewController.swift; sourceTree = "<group>"; };
		A4DB750828C27A6F00C19228 /* MainMenuViewController.swift */ = {isa = PBXFileReference; lastKnownFileType = sourcecode.swift; path = MainMenuViewController.swift; sourceTree = "<group>"; };
		A4DB750C28C2A66800C19228 /* SlideMenuViewController.swift */ = {isa = PBXFileReference; lastKnownFileType = sourcecode.swift; path = SlideMenuViewController.swift; sourceTree = "<group>"; };
/* End PBXFileReference section */

/* Begin PBXFrameworksBuildPhase section */
		A45FD8FF28BC5C2100E7D788 /* Frameworks */ = {
			isa = PBXFrameworksBuildPhase;
			buildActionMask = 2147483647;
			files = (
				A4DCE58528EA745D0029C6E2 /* SwiftJWT in Frameworks */,
			);
			runOnlyForDeploymentPostprocessing = 0;
		};
		A48838A428FFD985002A41B0 /* Frameworks */ = {
			isa = PBXFrameworksBuildPhase;
			buildActionMask = 2147483647;
			files = (
			);
			runOnlyForDeploymentPostprocessing = 0;
		};
/* End PBXFrameworksBuildPhase section */

/* Begin PBXGroup section */
		A45FD8F928BC5C2100E7D788 = {
			isa = PBXGroup;
			children = (
				A45FD90428BC5C2100E7D788 /* BookMe */,
				A48838A828FFD985002A41B0 /* BookMeTests */,
				A45FD90328BC5C2100E7D788 /* Products */,
			);
			sourceTree = "<group>";
		};
		A45FD90328BC5C2100E7D788 /* Products */ = {
			isa = PBXGroup;
			children = (
				A45FD90228BC5C2100E7D788 /* BookMe.app */,
				A48838A728FFD985002A41B0 /* BookMeTests.xctest */,
			);
			name = Products;
			sourceTree = "<group>";
		};
		A45FD90428BC5C2100E7D788 /* BookMe */ = {
			isa = PBXGroup;
			children = (
				A49159C428BFE2C1006DF136 /* Chivo */,
				A45FD90528BC5C2100E7D788 /* AppDelegate.swift */,
				A430AF8A28C31FD20076565C /* ObjectRowElement.swift */,
				A45FD90728BC5C2100E7D788 /* SceneDelegate.swift */,
				A45FD90928BC5C2100E7D788 /* ViewController.swift */,
				A4A7530228EA088F00DCDC4E /* UserAccountData.swift */,
				A4AC4BE528EB88940066F298 /* ReservationsDataController.swift */,
				A45FD90B28BC5C2100E7D788 /* Main.storyboard */,
				A4086B3E28DFF4E700CFEFCF /* HourModelPicker.swift */,
				A4086B4028DFF51700CFEFCF /* HourModel.swift */,
				A43F966E28C7F2A900F76546 /* ObjectDescriptionViewController.swift */,
				A447423628C7CE3F0037D234 /* TermsNConditionsViewController.swift */,
				A4338CAA28C68DA300C715FB /* MoreInfoOfHubViewController.swift */,
				A4338CA828C67D0100C715FB /* ReserveOrMoreInfoViewController.swift */,
				A4338CA628C6645300C715FB /* StatsViewController.swift */,
				A4338CA428C6643300C715FB /* CreditsViewController.swift */,
				A4338CA228C6566500C715FB /* AccountConfigViewController.swift */,
				A4338CA028C6489800C715FB /* CurrentBookingsViewController.swift */,
				A4338C9828C54AC500C715FB /* SIngleDateConfirmationViewController.swift */,
				A4338C9E28C642F500C715FB /* ReservationRowClass.swift */,
				A4338C9A28C54AD400C715FB /* TwoDatesConfirmationViewController.swift */,
				A4338C9628C5487B00C715FB /* HourSelectionViewController.swift */,
				A4338C9428C5429A00C715FB /* oneDateSelectionViewController.swift */,
				A4086B3A28DFEBC900CFEFCF /* HourPickerRowView.swift */,
				A4A8147D28DEAE6E0070EC87 /* DateCardObject.swift */,
				A4338C9228C5426D00C715FB /* twoDatesSelectionViewController.swift */,
				A4338C9028C5400000C715FB /* ReservationClass.swift */,
				A4B652EE28C455D500E48DCF /* NumberOfAssistantsViewController.swift */,
				A430AF8C28C320E80076565C /* ObjectSelectionViewController.swift */,
				A410B72628DB8A470016F59C /* ReservationRowObjectView.swift */,
				A430AF8828C30DBF0076565C /* ObjectTypeSelectionViewController.swift */,
				A430AF8628C2FF240076565C /* TicketViewController.swift */,
				A4DB750C28C2A66800C19228 /* SlideMenuViewController.swift */,
				A4DB750828C27A6F00C19228 /* MainMenuViewController.swift */,
				A4DB750628C25B5B00C19228 /* VerifyViewController.swift */,
				A43D929628C1354200028D73 /* registerViewController.swift */,
				A43D929228C1303A00028D73 /* loginViewController.swift */,
				A43D928E28C124E800028D73 /* loginOrRegisterVController.swift */,
				A49159D728BFFE99006DF136 /* WelcomeInfoTwoVController.swift */,
				A4C9AB3F28DCD780006C746E /* DateSelectionViewController.swift */,
				A43D929028C125E000028D73 /* WelcomeInfoThreeVController.swift */,
				A49159D528BFF0D0006DF136 /* GeneralMethods.swift */,
				A45FD90E28BC5C2400E7D788 /* Assets.xcassets */,
				A45FD91028BC5C2400E7D788 /* LaunchScreen.storyboard */,
				A45FD91328BC5C2400E7D788 /* Info.plist */,
			);
			path = BookMe;
			sourceTree = "<group>";
		};
		A48838A828FFD985002A41B0 /* BookMeTests */ = {
			isa = PBXGroup;
			children = (
				A48838A928FFD985002A41B0 /* BookMeTests.swift */,
			);
			path = BookMeTests;
			sourceTree = "<group>";
		};
		A49159C428BFE2C1006DF136 /* Chivo */ = {
			isa = PBXGroup;
			children = (
				A49159C528BFE2C1006DF136 /* Chivo-LightItalic.ttf */,
				A49159C628BFE2C1006DF136 /* Chivo-Bold.ttf */,
				A49159C728BFE2C1006DF136 /* Chivo-Italic.ttf */,
				A49159C828BFE2C1006DF136 /* Chivo-BoldItalic.ttf */,
				A49159C928BFE2C1006DF136 /* Chivo-Light.ttf */,
				A49159CA28BFE2C1006DF136 /* Chivo-BlackItalic.ttf */,
				A49159CB28BFE2C1006DF136 /* Chivo-Regular.ttf */,
				A49159CC28BFE2C1006DF136 /* Chivo-Black.ttf */,
			);
			path = Chivo;
			sourceTree = "<group>";
		};
/* End PBXGroup section */

/* Begin PBXNativeTarget section */
		A45FD90128BC5C2100E7D788 /* BookMe */ = {
			isa = PBXNativeTarget;
			buildConfigurationList = A45FD91628BC5C2400E7D788 /* Build configuration list for PBXNativeTarget "BookMe" */;
			buildPhases = (
				A45FD8FE28BC5C2100E7D788 /* Sources */,
				A45FD8FF28BC5C2100E7D788 /* Frameworks */,
				A45FD90028BC5C2100E7D788 /* Resources */,
			);
			buildRules = (
			);
			dependencies = (
			);
			name = BookMe;
			packageProductDependencies = (
				A4DCE58428EA745D0029C6E2 /* SwiftJWT */,
			);
			productName = BookMe;
			productReference = A45FD90228BC5C2100E7D788 /* BookMe.app */;
			productType = "com.apple.product-type.application";
		};
		A48838A628FFD985002A41B0 /* BookMeTests */ = {
			isa = PBXNativeTarget;
			buildConfigurationList = A48838AD28FFD985002A41B0 /* Build configuration list for PBXNativeTarget "BookMeTests" */;
			buildPhases = (
				A48838A328FFD985002A41B0 /* Sources */,
				A48838A428FFD985002A41B0 /* Frameworks */,
				A48838A528FFD985002A41B0 /* Resources */,
			);
			buildRules = (
			);
			dependencies = (
				A48838AC28FFD985002A41B0 /* PBXTargetDependency */,
			);
			name = BookMeTests;
			productName = BookMeTests;
			productReference = A48838A728FFD985002A41B0 /* BookMeTests.xctest */;
			productType = "com.apple.product-type.bundle.unit-test";
		};
/* End PBXNativeTarget section */

/* Begin PBXProject section */
		A45FD8FA28BC5C2100E7D788 /* Project object */ = {
			isa = PBXProject;
			attributes = {
				BuildIndependentTargetsInParallel = 1;
				LastSwiftUpdateCheck = 1340;
				LastUpgradeCheck = 1340;
				TargetAttributes = {
					A45FD90128BC5C2100E7D788 = {
						CreatedOnToolsVersion = 13.4.1;
					};
					A48838A628FFD985002A41B0 = {
						CreatedOnToolsVersion = 13.4.1;
						TestTargetID = A45FD90128BC5C2100E7D788;
					};
				};
			};
			buildConfigurationList = A45FD8FD28BC5C2100E7D788 /* Build configuration list for PBXProject "BookMe" */;
			compatibilityVersion = "Xcode 13.0";
			developmentRegion = en;
			hasScannedForEncodings = 0;
			knownRegions = (
				en,
				Base,
			);
			mainGroup = A45FD8F928BC5C2100E7D788;
			packageReferences = (
				A4DCE58328EA745D0029C6E2 /* XCRemoteSwiftPackageReference "Swift-JWT" */,
			);
			productRefGroup = A45FD90328BC5C2100E7D788 /* Products */;
			projectDirPath = "";
			projectRoot = "";
			targets = (
				A45FD90128BC5C2100E7D788 /* BookMe */,
				A48838A628FFD985002A41B0 /* BookMeTests */,
			);
		};
/* End PBXProject section */

/* Begin PBXResourcesBuildPhase section */
		A45FD90028BC5C2100E7D788 /* Resources */ = {
			isa = PBXResourcesBuildPhase;
			buildActionMask = 2147483647;
			files = (
				A45FD91228BC5C2400E7D788 /* LaunchScreen.storyboard in Resources */,
				A49159D328BFE2C1006DF136 /* Chivo-Regular.ttf in Resources */,
				A49159D128BFE2C1006DF136 /* Chivo-Light.ttf in Resources */,
				A49159CE28BFE2C1006DF136 /* Chivo-Bold.ttf in Resources */,
				A49159CF28BFE2C1006DF136 /* Chivo-Italic.ttf in Resources */,
				A49159CD28BFE2C1006DF136 /* Chivo-LightItalic.ttf in Resources */,
				A45FD90F28BC5C2400E7D788 /* Assets.xcassets in Resources */,
				A49159D028BFE2C1006DF136 /* Chivo-BoldItalic.ttf in Resources */,
				A45FD90D28BC5C2100E7D788 /* Main.storyboard in Resources */,
				A49159D228BFE2C1006DF136 /* Chivo-BlackItalic.ttf in Resources */,
				A49159D428BFE2C1006DF136 /* Chivo-Black.ttf in Resources */,
			);
			runOnlyForDeploymentPostprocessing = 0;
		};
		A48838A528FFD985002A41B0 /* Resources */ = {
			isa = PBXResourcesBuildPhase;
			buildActionMask = 2147483647;
			files = (
			);
			runOnlyForDeploymentPostprocessing = 0;
		};
/* End PBXResourcesBuildPhase section */

/* Begin PBXSourcesBuildPhase section */
		A45FD8FE28BC5C2100E7D788 /* Sources */ = {
			isa = PBXSourcesBuildPhase;
			buildActionMask = 2147483647;
			files = (
				A447423728C7CE3F0037D234 /* TermsNConditionsViewController.swift in Sources */,
				A45FD90A28BC5C2100E7D788 /* ViewController.swift in Sources */,
				A43F966F28C7F2A900F76546 /* ObjectDescriptionViewController.swift in Sources */,
				A4338C9128C5400000C715FB /* ReservationClass.swift in Sources */,
				A4A7530328EA088F00DCDC4E /* UserAccountData.swift in Sources */,
				A4A8147E28DEAE6E0070EC87 /* DateCardObject.swift in Sources */,
				A4338CAB28C68DA300C715FB /* MoreInfoOfHubViewController.swift in Sources */,
				A4DB750D28C2A66800C19228 /* SlideMenuViewController.swift in Sources */,
				A4338C9328C5426D00C715FB /* twoDatesSelectionViewController.swift in Sources */,
				A4C9AB4028DCD780006C746E /* DateSelectionViewController.swift in Sources */,
				A4086B3B28DFEBC900CFEFCF /* HourPickerRowView.swift in Sources */,
				A430AF8728C2FF240076565C /* TicketViewController.swift in Sources */,
				A49159D628BFF0D0006DF136 /* GeneralMethods.swift in Sources */,
				A4086B3F28DFF4E700CFEFCF /* HourModelPicker.swift in Sources */,
				A4DB750928C27A6F00C19228 /* MainMenuViewController.swift in Sources */,
				A410B72728DB8A470016F59C /* ReservationRowObjectView.swift in Sources */,
				A45FD90628BC5C2100E7D788 /* AppDelegate.swift in Sources */,
				A4338CA728C6645300C715FB /* StatsViewController.swift in Sources */,
				A4DB750728C25B5B00C19228 /* VerifyViewController.swift in Sources */,
				A4338CA928C67D0100C715FB /* ReserveOrMoreInfoViewController.swift in Sources */,
				A43D929728C1354200028D73 /* registerViewController.swift in Sources */,
				A4338C9728C5487B00C715FB /* HourSelectionViewController.swift in Sources */,
				A43D929128C125E000028D73 /* WelcomeInfoThreeVController.swift in Sources */,
				A43D929328C1303A00028D73 /* loginViewController.swift in Sources */,
				A4338C9528C5429A00C715FB /* oneDateSelectionViewController.swift in Sources */,
				A4338CA528C6643300C715FB /* CreditsViewController.swift in Sources */,
				A4B652EF28C455D500E48DCF /* NumberOfAssistantsViewController.swift in Sources */,
				A430AF8D28C320E80076565C /* ObjectSelectionViewController.swift in Sources */,
				A4AC4BE628EB88940066F298 /* ReservationsDataController.swift in Sources */,
				A4338CA328C6566500C715FB /* AccountConfigViewController.swift in Sources */,
				A49159D828BFFE99006DF136 /* WelcomeInfoTwoVController.swift in Sources */,
				A4086B4128DFF51700CFEFCF /* HourModel.swift in Sources */,
				A4338CA128C6489800C715FB /* CurrentBookingsViewController.swift in Sources */,
				A430AF8B28C31FD20076565C /* ObjectRowElement.swift in Sources */,
				A43D928F28C124E800028D73 /* loginOrRegisterVController.swift in Sources */,
				A430AF8928C30DBF0076565C /* ObjectTypeSelectionViewController.swift in Sources */,
				A45FD90828BC5C2100E7D788 /* SceneDelegate.swift in Sources */,
				A4338C9B28C54AD400C715FB /* TwoDatesConfirmationViewController.swift in Sources */,
				A4338C9F28C642F500C715FB /* ReservationRowClass.swift in Sources */,
				A4338C9928C54AC500C715FB /* SIngleDateConfirmationViewController.swift in Sources */,
			);
			runOnlyForDeploymentPostprocessing = 0;
		};
		A48838A328FFD985002A41B0 /* Sources */ = {
			isa = PBXSourcesBuildPhase;
			buildActionMask = 2147483647;
			files = (
				A48838AA28FFD985002A41B0 /* BookMeTests.swift in Sources */,
			);
			runOnlyForDeploymentPostprocessing = 0;
		};
/* End PBXSourcesBuildPhase section */

/* Begin PBXTargetDependency section */
		A48838AC28FFD985002A41B0 /* PBXTargetDependency */ = {
			isa = PBXTargetDependency;
			target = A45FD90128BC5C2100E7D788 /* BookMe */;
			targetProxy = A48838AB28FFD985002A41B0 /* PBXContainerItemProxy */;
		};
/* End PBXTargetDependency section */

/* Begin PBXVariantGroup section */
		A45FD90B28BC5C2100E7D788 /* Main.storyboard */ = {
			isa = PBXVariantGroup;
			children = (
				A45FD90C28BC5C2100E7D788 /* Base */,
			);
			name = Main.storyboard;
			sourceTree = "<group>";
		};
		A45FD91028BC5C2400E7D788 /* LaunchScreen.storyboard */ = {
			isa = PBXVariantGroup;
			children = (
				A45FD91128BC5C2400E7D788 /* Base */,
			);
			name = LaunchScreen.storyboard;
			sourceTree = "<group>";
		};
/* End PBXVariantGroup section */

/* Begin XCBuildConfiguration section */
		A45FD91428BC5C2400E7D788 /* Debug */ = {
			isa = XCBuildConfiguration;
			buildSettings = {
				ALWAYS_SEARCH_USER_PATHS = NO;
				CLANG_ANALYZER_NONNULL = YES;
				CLANG_ANALYZER_NUMBER_OBJECT_CONVERSION = YES_AGGRESSIVE;
				CLANG_CXX_LANGUAGE_STANDARD = "gnu++17";
				CLANG_ENABLE_MODULES = YES;
				CLANG_ENABLE_OBJC_ARC = YES;
				CLANG_ENABLE_OBJC_WEAK = YES;
				CLANG_WARN_BLOCK_CAPTURE_AUTORELEASING = YES;
				CLANG_WARN_BOOL_CONVERSION = YES;
				CLANG_WARN_COMMA = YES;
				CLANG_WARN_CONSTANT_CONVERSION = YES;
				CLANG_WARN_DEPRECATED_OBJC_IMPLEMENTATIONS = YES;
				CLANG_WARN_DIRECT_OBJC_ISA_USAGE = YES_ERROR;
				CLANG_WARN_DOCUMENTATION_COMMENTS = YES;
				CLANG_WARN_EMPTY_BODY = YES;
				CLANG_WARN_ENUM_CONVERSION = YES;
				CLANG_WARN_INFINITE_RECURSION = YES;
				CLANG_WARN_INT_CONVERSION = YES;
				CLANG_WARN_NON_LITERAL_NULL_CONVERSION = YES;
				CLANG_WARN_OBJC_IMPLICIT_RETAIN_SELF = YES;
				CLANG_WARN_OBJC_LITERAL_CONVERSION = YES;
				CLANG_WARN_OBJC_ROOT_CLASS = YES_ERROR;
				CLANG_WARN_QUOTED_INCLUDE_IN_FRAMEWORK_HEADER = YES;
				CLANG_WARN_RANGE_LOOP_ANALYSIS = YES;
				CLANG_WARN_STRICT_PROTOTYPES = YES;
				CLANG_WARN_SUSPICIOUS_MOVE = YES;
				CLANG_WARN_UNGUARDED_AVAILABILITY = YES_AGGRESSIVE;
				CLANG_WARN_UNREACHABLE_CODE = YES;
				CLANG_WARN__DUPLICATE_METHOD_MATCH = YES;
				COPY_PHASE_STRIP = NO;
				DEBUG_INFORMATION_FORMAT = dwarf;
				ENABLE_STRICT_OBJC_MSGSEND = YES;
				ENABLE_TESTABILITY = YES;
				GCC_C_LANGUAGE_STANDARD = gnu11;
				GCC_DYNAMIC_NO_PIC = NO;
				GCC_NO_COMMON_BLOCKS = YES;
				GCC_OPTIMIZATION_LEVEL = 0;
				GCC_PREPROCESSOR_DEFINITIONS = (
					"DEBUG=1",
					"$(inherited)",
				);
				GCC_WARN_64_TO_32_BIT_CONVERSION = YES;
				GCC_WARN_ABOUT_RETURN_TYPE = YES_ERROR;
				GCC_WARN_UNDECLARED_SELECTOR = YES;
				GCC_WARN_UNINITIALIZED_AUTOS = YES_AGGRESSIVE;
				GCC_WARN_UNUSED_FUNCTION = YES;
				GCC_WARN_UNUSED_VARIABLE = YES;
				IPHONEOS_DEPLOYMENT_TARGET = 15.5;
				MTL_ENABLE_DEBUG_INFO = INCLUDE_SOURCE;
				MTL_FAST_MATH = YES;
				ONLY_ACTIVE_ARCH = YES;
				SDKROOT = iphoneos;
				SWIFT_ACTIVE_COMPILATION_CONDITIONS = DEBUG;
				SWIFT_OPTIMIZATION_LEVEL = "-Onone";
			};
			name = Debug;
		};
		A45FD91528BC5C2400E7D788 /* Release */ = {
			isa = XCBuildConfiguration;
			buildSettings = {
				ALWAYS_SEARCH_USER_PATHS = NO;
				CLANG_ANALYZER_NONNULL = YES;
				CLANG_ANALYZER_NUMBER_OBJECT_CONVERSION = YES_AGGRESSIVE;
				CLANG_CXX_LANGUAGE_STANDARD = "gnu++17";
				CLANG_ENABLE_MODULES = YES;
				CLANG_ENABLE_OBJC_ARC = YES;
				CLANG_ENABLE_OBJC_WEAK = YES;
				CLANG_WARN_BLOCK_CAPTURE_AUTORELEASING = YES;
				CLANG_WARN_BOOL_CONVERSION = YES;
				CLANG_WARN_COMMA = YES;
				CLANG_WARN_CONSTANT_CONVERSION = YES;
				CLANG_WARN_DEPRECATED_OBJC_IMPLEMENTATIONS = YES;
				CLANG_WARN_DIRECT_OBJC_ISA_USAGE = YES_ERROR;
				CLANG_WARN_DOCUMENTATION_COMMENTS = YES;
				CLANG_WARN_EMPTY_BODY = YES;
				CLANG_WARN_ENUM_CONVERSION = YES;
				CLANG_WARN_INFINITE_RECURSION = YES;
				CLANG_WARN_INT_CONVERSION = YES;
				CLANG_WARN_NON_LITERAL_NULL_CONVERSION = YES;
				CLANG_WARN_OBJC_IMPLICIT_RETAIN_SELF = YES;
				CLANG_WARN_OBJC_LITERAL_CONVERSION = YES;
				CLANG_WARN_OBJC_ROOT_CLASS = YES_ERROR;
				CLANG_WARN_QUOTED_INCLUDE_IN_FRAMEWORK_HEADER = YES;
				CLANG_WARN_RANGE_LOOP_ANALYSIS = YES;
				CLANG_WARN_STRICT_PROTOTYPES = YES;
				CLANG_WARN_SUSPICIOUS_MOVE = YES;
				CLANG_WARN_UNGUARDED_AVAILABILITY = YES_AGGRESSIVE;
				CLANG_WARN_UNREACHABLE_CODE = YES;
				CLANG_WARN__DUPLICATE_METHOD_MATCH = YES;
				COPY_PHASE_STRIP = NO;
				DEBUG_INFORMATION_FORMAT = "dwarf-with-dsym";
				ENABLE_NS_ASSERTIONS = NO;
				ENABLE_STRICT_OBJC_MSGSEND = YES;
				GCC_C_LANGUAGE_STANDARD = gnu11;
				GCC_NO_COMMON_BLOCKS = YES;
				GCC_WARN_64_TO_32_BIT_CONVERSION = YES;
				GCC_WARN_ABOUT_RETURN_TYPE = YES_ERROR;
				GCC_WARN_UNDECLARED_SELECTOR = YES;
				GCC_WARN_UNINITIALIZED_AUTOS = YES_AGGRESSIVE;
				GCC_WARN_UNUSED_FUNCTION = YES;
				GCC_WARN_UNUSED_VARIABLE = YES;
				IPHONEOS_DEPLOYMENT_TARGET = 15.5;
				MTL_ENABLE_DEBUG_INFO = NO;
				MTL_FAST_MATH = YES;
				SDKROOT = iphoneos;
				SWIFT_COMPILATION_MODE = wholemodule;
				SWIFT_OPTIMIZATION_LEVEL = "-O";
				VALIDATE_PRODUCT = YES;
			};
			name = Release;
		};
		A45FD91728BC5C2400E7D788 /* Debug */ = {
			isa = XCBuildConfiguration;
			buildSettings = {
				ASSETCATALOG_COMPILER_APPICON_NAME = AppIcon;
				ASSETCATALOG_COMPILER_GLOBAL_ACCENT_COLOR_NAME = AccentColor;
				CODE_SIGN_STYLE = Automatic;
				CURRENT_PROJECT_VERSION = 1;
				DEVELOPMENT_TEAM = C6NX9VRN3L;
				GENERATE_INFOPLIST_FILE = YES;
				INFOPLIST_FILE = BookMe/Info.plist;
				INFOPLIST_KEY_UIApplicationSupportsIndirectInputEvents = YES;
				INFOPLIST_KEY_UILaunchStoryboardName = LaunchScreen;
				INFOPLIST_KEY_UIMainStoryboardFile = Main;
				INFOPLIST_KEY_UISupportedInterfaceOrientations_iPad = "UIInterfaceOrientationPortrait UIInterfaceOrientationPortraitUpsideDown UIInterfaceOrientationLandscapeLeft UIInterfaceOrientationLandscapeRight";
				INFOPLIST_KEY_UISupportedInterfaceOrientations_iPhone = "UIInterfaceOrientationPortrait UIInterfaceOrientationLandscapeLeft UIInterfaceOrientationLandscapeRight";
				LD_RUNPATH_SEARCH_PATHS = (
					"$(inherited)",
					"@executable_path/Frameworks",
				);
				MARKETING_VERSION = 1.0;
				PRODUCT_BUNDLE_IDENTIFIER = mx.A01658845.BookMe;
				PRODUCT_NAME = "$(TARGET_NAME)";
				SWIFT_EMIT_LOC_STRINGS = YES;
				SWIFT_VERSION = 5.0;
				TARGETED_DEVICE_FAMILY = "1,2";
			};
			name = Debug;
		};
		A45FD91828BC5C2400E7D788 /* Release */ = {
			isa = XCBuildConfiguration;
			buildSettings = {
				ASSETCATALOG_COMPILER_APPICON_NAME = AppIcon;
				ASSETCATALOG_COMPILER_GLOBAL_ACCENT_COLOR_NAME = AccentColor;
				CODE_SIGN_STYLE = Automatic;
				CURRENT_PROJECT_VERSION = 1;
				DEVELOPMENT_TEAM = C6NX9VRN3L;
				GENERATE_INFOPLIST_FILE = YES;
				INFOPLIST_FILE = BookMe/Info.plist;
				INFOPLIST_KEY_UIApplicationSupportsIndirectInputEvents = YES;
				INFOPLIST_KEY_UILaunchStoryboardName = LaunchScreen;
				INFOPLIST_KEY_UIMainStoryboardFile = Main;
				INFOPLIST_KEY_UISupportedInterfaceOrientations_iPad = "UIInterfaceOrientationPortrait UIInterfaceOrientationPortraitUpsideDown UIInterfaceOrientationLandscapeLeft UIInterfaceOrientationLandscapeRight";
				INFOPLIST_KEY_UISupportedInterfaceOrientations_iPhone = "UIInterfaceOrientationPortrait UIInterfaceOrientationLandscapeLeft UIInterfaceOrientationLandscapeRight";
				LD_RUNPATH_SEARCH_PATHS = (
					"$(inherited)",
					"@executable_path/Frameworks",
				);
				MARKETING_VERSION = 1.0;
				PRODUCT_BUNDLE_IDENTIFIER = mx.A01658845.BookMe;
				PRODUCT_NAME = "$(TARGET_NAME)";
				SWIFT_EMIT_LOC_STRINGS = YES;
				SWIFT_VERSION = 5.0;
				TARGETED_DEVICE_FAMILY = "1,2";
			};
			name = Release;
		};
		A48838AE28FFD985002A41B0 /* Debug */ = {
			isa = XCBuildConfiguration;
			buildSettings = {
				BUNDLE_LOADER = "$(TEST_HOST)";
				CODE_SIGN_STYLE = Automatic;
				CURRENT_PROJECT_VERSION = 1;
				DEVELOPMENT_TEAM = C6NX9VRN3L;
				GENERATE_INFOPLIST_FILE = YES;
				MARKETING_VERSION = 1.0;
				PRODUCT_BUNDLE_IDENTIFIER = mx.A01658845.BookMeTests;
				PRODUCT_NAME = "$(TARGET_NAME)";
				SWIFT_EMIT_LOC_STRINGS = NO;
				SWIFT_VERSION = 5.0;
				TARGETED_DEVICE_FAMILY = "1,2";
				TEST_HOST = "$(BUILT_PRODUCTS_DIR)/BookMe.app/BookMe";
			};
			name = Debug;
		};
		A48838AF28FFD985002A41B0 /* Release */ = {
			isa = XCBuildConfiguration;
			buildSettings = {
				BUNDLE_LOADER = "$(TEST_HOST)";
				CODE_SIGN_STYLE = Automatic;
				CURRENT_PROJECT_VERSION = 1;
				DEVELOPMENT_TEAM = C6NX9VRN3L;
				GENERATE_INFOPLIST_FILE = YES;
				MARKETING_VERSION = 1.0;
				PRODUCT_BUNDLE_IDENTIFIER = mx.A01658845.BookMeTests;
				PRODUCT_NAME = "$(TARGET_NAME)";
				SWIFT_EMIT_LOC_STRINGS = NO;
				SWIFT_VERSION = 5.0;
				TARGETED_DEVICE_FAMILY = "1,2";
				TEST_HOST = "$(BUILT_PRODUCTS_DIR)/BookMe.app/BookMe";
			};
			name = Release;
		};
/* End XCBuildConfiguration section */

/* Begin XCConfigurationList section */
		A45FD8FD28BC5C2100E7D788 /* Build configuration list for PBXProject "BookMe" */ = {
			isa = XCConfigurationList;
			buildConfigurations = (
				A45FD91428BC5C2400E7D788 /* Debug */,
				A45FD91528BC5C2400E7D788 /* Release */,
			);
			defaultConfigurationIsVisible = 0;
			defaultConfigurationName = Release;
		};
		A45FD91628BC5C2400E7D788 /* Build configuration list for PBXNativeTarget "BookMe" */ = {
			isa = XCConfigurationList;
			buildConfigurations = (
				A45FD91728BC5C2400E7D788 /* Debug */,
				A45FD91828BC5C2400E7D788 /* Release */,
			);
			defaultConfigurationIsVisible = 0;
			defaultConfigurationName = Release;
		};
		A48838AD28FFD985002A41B0 /* Build configuration list for PBXNativeTarget "BookMeTests" */ = {
			isa = XCConfigurationList;
			buildConfigurations = (
				A48838AE28FFD985002A41B0 /* Debug */,
				A48838AF28FFD985002A41B0 /* Release */,
			);
			defaultConfigurationIsVisible = 0;
			defaultConfigurationName = Release;
		};
/* End XCConfigurationList section */

/* Begin XCRemoteSwiftPackageReference section */
		A4DCE58328EA745D0029C6E2 /* XCRemoteSwiftPackageReference "Swift-JWT" */ = {
			isa = XCRemoteSwiftPackageReference;
			repositoryURL = "https://github.com/IBM-Swift/Swift-JWT";
			requirement = {
				branch = master;
				kind = branch;
			};
		};
/* End XCRemoteSwiftPackageReference section */

/* Begin XCSwiftPackageProductDependency section */
		A4DCE58428EA745D0029C6E2 /* SwiftJWT */ = {
			isa = XCSwiftPackageProductDependency;
			package = A4DCE58328EA745D0029C6E2 /* XCRemoteSwiftPackageReference "Swift-JWT" */;
			productName = SwiftJWT;
		};
/* End XCSwiftPackageProductDependency section */
	};
	rootObject = A45FD8FA28BC5C2100E7D788 /* Project object */;
}
